
Microsoft Visual Studio Solution File, Format Version 12.00
# Visual Studio Version 16
VisualStudioVersion = 16.0.30011.22
MinimumVisualStudioVersion = 10.0.40219.1
Project("{9A19103F-16F7-4668-BE54-9A1E7A4F7556}") = "Phonebook.Api", "Phonebook.Api\Phonebook.Api.csproj", "{A8C21947-7984-45E9-BAE4-D8411E07910A}"
EndProject
Project("{2150E333-8FDC-42A3-9474-1A3956D46DE8}") = "Phonebook.Domain", "Phonebook.Domain", "{515D3250-89D1-4008-B8FF-CCD4C50A36B0}"
EndProject
Project("{9A19103F-16F7-4668-BE54-9A1E7A4F7556}") = "Phonebook.Domain.Model", "Phonebook.Domain\Phonebook.Domain.Model\Phonebook.Domain.Model.csproj", "{8071F172-6BB8-4163-85E6-091021891D15}"
EndProject
Project("{9A19103F-16F7-4668-BE54-9A1E7A4F7556}") = "Phonebook.Domain.ApplicationServices", "Phonebook.Domain\Phonebook.Domain.ApplicationServices\Phonebook.Domain.ApplicationServices.csproj", "{89B1B862-6B7D-4CB5-B43F-F578370B97F6}"
EndProject
Project("{9A19103F-16F7-4668-BE54-9A1E7A4F7556}") = "Phonebook.Domain.Infrastructure.Abstractions", "Phonebook.Domain\Phonebook.Domain.Infrastructure.Abstractions\Phonebook.Domain.Infrastructure.Abstractions.csproj", "{76763FC5-E82D-4446-A975-B1BF11DD35A0}"
EndProject
Project("{2150E333-8FDC-42A3-9474-1A3956D46DE8}") = "Phonebook.Infrastructure", "Phonebook.Infrastructure", "{7AC18875-0F46-4997-B71D-0DAB980F63DA}"
EndProject
Project("{9A19103F-16F7-4668-BE54-9A1E7A4F7556}") = "Phonebook.Infrastructure.EntityPersistance", "Phonebook.Infrastructure\Phonebook.Infrastructure.EntityPersistance\Phonebook.Infrastructure.EntityPersistance.csproj", "{BC7FFB7D-D98C-4FA4-BFFE-C53C15C6AE3C}"
EndProject
Project("{2150E333-8FDC-42A3-9474-1A3956D46DE8}") = "_tools", "_tools", "{8929E57D-7A58-423E-93A5-231203EEC685}"
EndProject
Project("{9A19103F-16F7-4668-BE54-9A1E7A4F7556}") = "AccessTokenGenerator", "_tools\AccessTokenGenerator\AccessTokenGenerator.csproj", "{8CA2B58C-5DC3-4B6B-98A9-392DFFB2CDEE}"
EndProject
Project("{9A19103F-16F7-4668-BE54-9A1E7A4F7556}") = "Phonebook.Api.Tests", "Phonebook.Api.Tests\Phonebook.Api.Tests.csproj", "{5D2F3AD5-5FC1-4E95-A88E-1811EC74680B}"
EndProject
Project("{9A19103F-16F7-4668-BE54-9A1E7A4F7556}") = "Phonebook.Infrastructure.EntityPersistance.Tests", "Phonebook.Infrastructure\Phonebook.Infrastructure.EntityPersistance.Tests\Phonebook.Infrastructure.EntityPersistance.Tests.csproj", "{ED1AF4D5-03EF-4D01-95FF-F646AF085473}"
EndProject
Global
	GlobalSection(SolutionConfigurationPlatforms) = preSolution
		Debug|Any CPU = Debug|Any CPU
		Release|Any CPU = Release|Any CPU
	EndGlobalSection
	GlobalSection(ProjectConfigurationPlatforms) = postSolution
		{A8C21947-7984-45E9-BAE4-D8411E07910A}.Debug|Any CPU.ActiveCfg = Debug|Any CPU
		{A8C21947-7984-45E9-BAE4-D8411E07910A}.Debug|Any CPU.Build.0 = Debug|Any CPU
		{A8C21947-7984-45E9-BAE4-D8411E07910A}.Release|Any CPU.ActiveCfg = Release|Any CPU
		{A8C21947-7984-45E9-BAE4-D8411E07910A}.Release|Any CPU.Build.0 = Release|Any CPU
		{8071F172-6BB8-4163-85E6-091021891D15}.Debug|Any CPU.ActiveCfg = Debug|Any CPU
		{8071F172-6BB8-4163-85E6-091021891D15}.Debug|Any CPU.Build.0 = Debug|Any CPU
		{8071F172-6BB8-4163-85E6-091021891D15}.Release|Any CPU.ActiveCfg = Release|Any CPU
		{8071F172-6BB8-4163-85E6-091021891D15}.Release|Any CPU.Build.0 = Release|Any CPU
		{89B1B862-6B7D-4CB5-B43F-F578370B97F6}.Debug|Any CPU.ActiveCfg = Debug|Any CPU
		{89B1B862-6B7D-4CB5-B43F-F578370B97F6}.Debug|Any CPU.Build.0 = Debug|Any CPU
		{89B1B862-6B7D-4CB5-B43F-F578370B97F6}.Release|Any CPU.ActiveCfg = Release|Any CPU
		{89B1B862-6B7D-4CB5-B43F-F578370B97F6}.Release|Any CPU.Build.0 = Release|Any CPU
		{76763FC5-E82D-4446-A975-B1BF11DD35A0}.Debug|Any CPU.ActiveCfg = Debug|Any CPU
		{76763FC5-E82D-4446-A975-B1BF11DD35A0}.Debug|Any CPU.Build.0 = Debug|Any CPU
		{76763FC5-E82D-4446-A975-B1BF11DD35A0}.Release|Any CPU.ActiveCfg = Release|Any CPU
		{76763FC5-E82D-4446-A975-B1BF11DD35A0}.Release|Any CPU.Build.0 = Release|Any CPU
		{BC7FFB7D-D98C-4FA4-BFFE-C53C15C6AE3C}.Debug|Any CPU.ActiveCfg = Debug|Any CPU
		{BC7FFB7D-D98C-4FA4-BFFE-C53C15C6AE3C}.Debug|Any CPU.Build.0 = Debug|Any CPU
		{BC7FFB7D-D98C-4FA4-BFFE-C53C15C6AE3C}.Release|Any CPU.ActiveCfg = Release|Any CPU
		{BC7FFB7D-D98C-4FA4-BFFE-C53C15C6AE3C}.Release|Any CPU.Build.0 = Release|Any CPU
		{8CA2B58C-5DC3-4B6B-98A9-392DFFB2CDEE}.Debug|Any CPU.ActiveCfg = Debug|Any CPU
		{8CA2B58C-5DC3-4B6B-98A9-392DFFB2CDEE}.Debug|Any CPU.Build.0 = Debug|Any CPU
		{8CA2B58C-5DC3-4B6B-98A9-392DFFB2CDEE}.Release|Any CPU.ActiveCfg = Release|Any CPU
		{8CA2B58C-5DC3-4B6B-98A9-392DFFB2CDEE}.Release|Any CPU.Build.0 = Release|Any CPU
		{5D2F3AD5-5FC1-4E95-A88E-1811EC74680B}.Debug|Any CPU.ActiveCfg = Debug|Any CPU
		{5D2F3AD5-5FC1-4E95-A88E-1811EC74680B}.Debug|Any CPU.Build.0 = Debug|Any CPU
		{5D2F3AD5-5FC1-4E95-A88E-1811EC74680B}.Release|Any CPU.ActiveCfg = Release|Any CPU
		{5D2F3AD5-5FC1-4E95-A88E-1811EC74680B}.Release|Any CPU.Build.0 = Release|Any CPU
		{ED1AF4D5-03EF-4D01-95FF-F646AF085473}.Debug|Any CPU.ActiveCfg = Debug|Any CPU
		{ED1AF4D5-03EF-4D01-95FF-F646AF085473}.Debug|Any CPU.Build.0 = Debug|Any CPU
		{ED1AF4D5-03EF-4D01-95FF-F646AF085473}.Release|Any CPU.ActiveCfg = Release|Any CPU
		{ED1AF4D5-03EF-4D01-95FF-F646AF085473}.Release|Any CPU.Build.0 = Release|Any CPU
	EndGlobalSection
	GlobalSection(SolutionProperties) = preSolution
		HideSolutionNode = FALSE
	EndGlobalSection
	GlobalSection(NestedProjects) = preSolution
		{8071F172-6BB8-4163-85E6-091021891D15} = {515D3250-89D1-4008-B8FF-CCD4C50A36B0}
		{89B1B862-6B7D-4CB5-B43F-F578370B97F6} = {515D3250-89D1-4008-B8FF-CCD4C50A36B0}
		{76763FC5-E82D-4446-A975-B1BF11DD35A0} = {515D3250-89D1-4008-B8FF-CCD4C50A36B0}
		{BC7FFB7D-D98C-4FA4-BFFE-C53C15C6AE3C} = {7AC18875-0F46-4997-B71D-0DAB980F63DA}
		{8CA2B58C-5DC3-4B6B-98A9-392DFFB2CDEE} = {8929E57D-7A58-423E-93A5-231203EEC685}
		{ED1AF4D5-03EF-4D01-95FF-F646AF085473} = {7AC18875-0F46-4997-B71D-0DAB980F63DA}
	EndGlobalSection
	GlobalSection(ExtensibilityGlobals) = postSolution
		SolutionGuid = {39ED56A3-9F2A-47A4-8EC1-F92D78CD7D0C}
	EndGlobalSection
EndGlobal
